// !$*UTF8*$!
{
	archiveVersion = 1;
	classes = {
	};
	objectVersion = 48;
	objects = {

/* Begin PBXBuildFile section */
		A75F7C7C20229FFE0073D86C /* AppDelegate.swift in Sources */ = {isa = PBXBuildFile; fileRef = A75F7C7B20229FFE0073D86C /* AppDelegate.swift */; };
		A75F7C7E20229FFE0073D86C /* ViewController.swift in Sources */ = {isa = PBXBuildFile; fileRef = A75F7C7D20229FFE0073D86C /* ViewController.swift */; };
		A75F7C8120229FFE0073D86C /* Main.storyboard in Resources */ = {isa = PBXBuildFile; fileRef = A75F7C7F20229FFE0073D86C /* Main.storyboard */; };
		A75F7C8320229FFE0073D86C /* Assets.xcassets in Resources */ = {isa = PBXBuildFile; fileRef = A75F7C8220229FFE0073D86C /* Assets.xcassets */; };
		A75F7C8620229FFE0073D86C /* LaunchScreen.storyboard in Resources */ = {isa = PBXBuildFile; fileRef = A75F7C8420229FFE0073D86C /* LaunchScreen.storyboard */; };
		A75F7C8E2022A1310073D86C /* BookTableViewController.swift in Sources */ = {isa = PBXBuildFile; fileRef = A75F7C8D2022A1310073D86C /* BookTableViewController.swift */; };
		A75F7C902022A4FD0073D86C /* Book.swift in Sources */ = {isa = PBXBuildFile; fileRef = A75F7C8F2022A4FD0073D86C /* Book.swift */; };
		A75F7C922022A7F10073D86C /* BookDetailViewController.swift in Sources */ = {isa = PBXBuildFile; fileRef = A75F7C912022A7F10073D86C /* BookDetailViewController.swift */; };
/* End PBXBuildFile section */

/* Begin PBXFileReference section */
		A75F7C7820229FFE0073D86C /* Books.app */ = {isa = PBXFileReference; explicitFileType = wrapper.application; includeInIndex = 0; path = Books.app; sourceTree = BUILT_PRODUCTS_DIR; };
		A75F7C7B20229FFE0073D86C /* AppDelegate.swift */ = {isa = PBXFileReference; lastKnownFileType = sourcecode.swift; path = AppDelegate.swift; sourceTree = "<group>"; };
		A75F7C7D20229FFE0073D86C /* ViewController.swift */ = {isa = PBXFileReference; lastKnownFileType = sourcecode.swift; path = ViewController.swift; sourceTree = "<group>"; };
		A75F7C8020229FFE0073D86C /* Base */ = {isa = PBXFileReference; lastKnownFileType = file.storyboard; name = Base; path = Base.lproj/Main.storyboard; sourceTree = "<group>"; };
		A75F7C8220229FFE0073D86C /* Assets.xcassets */ = {isa = PBXFileReference; lastKnownFileType = folder.assetcatalog; path = Assets.xcassets; sourceTree = "<group>"; };
		A75F7C8520229FFE0073D86C /* Base */ = {isa = PBXFileReference; lastKnownFileType = file.storyboard; name = Base; path = Base.lproj/LaunchScreen.storyboard; sourceTree = "<group>"; };
		A75F7C8720229FFE0073D86C /* Info.plist */ = {isa = PBXFileReference; lastKnownFileType = text.plist.xml; path = Info.plist; sourceTree = "<group>"; };
		A75F7C8D2022A1310073D86C /* BookTableViewController.swift */ = {isa = PBXFileReference; lastKnownFileType = sourcecode.swift; path = BookTableViewController.swift; sourceTree = "<group>"; };
		A75F7C8F2022A4FD0073D86C /* Book.swift */ = {isa = PBXFileReference; lastKnownFileType = sourcecode.swift; path = Book.swift; sourceTree = "<group>"; };
		A75F7C912022A7F10073D86C /* BookDetailViewController.swift */ = {isa = PBXFileReference; lastKnownFileType = sourcecode.swift; path = BookDetailViewController.swift; sourceTree = "<group>"; };
/* End PBXFileReference section */

/* Begin PBXFrameworksBuildPhase section */
		A75F7C7520229FFE0073D86C /* Frameworks */ = {
			isa = PBXFrameworksBuildPhase;
			buildActionMask = 2147483647;
			files = (
			);
			runOnlyForDeploymentPostprocessing = 0;
		};
/* End PBXFrameworksBuildPhase section */

/* Begin PBXGroup section */
		A75F7C6F20229FFE0073D86C = {
			isa = PBXGroup;
			children = (
				A75F7C7A20229FFE0073D86C /* Books */,
				A75F7C7920229FFE0073D86C /* Products */,
			);
			sourceTree = "<group>";
		};
		A75F7C7920229FFE0073D86C /* Products */ = {
			isa = PBXGroup;
			children = (
				A75F7C7820229FFE0073D86C /* Books.app */,
			);
			name = Products;
			sourceTree = "<group>";
		};
		A75F7C7A20229FFE0073D86C /* Books */ = {
			isa = PBXGroup;
			children = (
				A75F7C7B20229FFE0073D86C /* AppDelegate.swift */,
				A75F7C7D20229FFE0073D86C /* ViewController.swift */,
				A75F7C7F20229FFE0073D86C /* Main.storyboard */,
				A75F7C8220229FFE0073D86C /* Assets.xcassets */,
				A75F7C8420229FFE0073D86C /* LaunchScreen.storyboard */,
				A75F7C8720229FFE0073D86C /* Info.plist */,
				A75F7C8D2022A1310073D86C /* BookTableViewController.swift */,
				A75F7C8F2022A4FD0073D86C /* Book.swift */,
				A75F7C912022A7F10073D86C /* BookDetailViewController.swift */,
			);
			path = Books;
			sourceTree = "<group>";
		};
/* End PBXGroup section */

/* Begin PBXNativeTarget section */
		A75F7C7720229FFE0073D86C /* Books */ = {
			isa = PBXNativeTarget;
			buildConfigurationList = A75F7C8A20229FFE0073D86C /* Build configuration list for PBXNativeTarget "Books" */;
			buildPhases = (
				A75F7C7420229FFE0073D86C /* Sources */,
				A75F7C7520229FFE0073D86C /* Frameworks */,
				A75F7C7620229FFE0073D86C /* Resources */,
			);
			buildRules = (
			);
			dependencies = (
			);
			name = Books;
			productName = Books;
			productReference = A75F7C7820229FFE0073D86C /* Books.app */;
			productType = "com.apple.product-type.application";
		};
/* End PBXNativeTarget section */

/* Begin PBXProject section */
		A75F7C7020229FFE0073D86C /* Project object */ = {
			isa = PBXProject;
			attributes = {
				LastSwiftUpdateCheck = 0920;
				LastUpgradeCheck = 0920;
				ORGANIZATIONNAME = GOYAPP;
				TargetAttributes = {
					A75F7C7720229FFE0073D86C = {
						CreatedOnToolsVersion = 9.2;
						ProvisioningStyle = Automatic;
					};
				};
			};
			buildConfigurationList = A75F7C7320229FFE0073D86C /* Build configuration list for PBXProject "Books" */;
			compatibilityVersion = "Xcode 8.0";
			developmentRegion = en;
			hasScannedForEncodings = 0;
			knownRegions = (
				en,
				Base,
			);
			mainGroup = A75F7C6F20229FFE0073D86C;
			productRefGroup = A75F7C7920229FFE0073D86C /* Products */;
			projectDirPath = "";
			projectRoot = "";
			targets = (
				A75F7C7720229FFE0073D86C /* Books */,
			);
		};
/* End PBXProject section */

/* Begin PBXResourcesBuildPhase section */
		A75F7C7620229FFE0073D86C /* Resources */ = {
			isa = PBXResourcesBuildPhase;
			buildActionMask = 2147483647;
			files = (
				A75F7C8620229FFE0073D86C /* LaunchScreen.storyboard in Resources */,
				A75F7C8320229FFE0073D86C /* Assets.xcassets in Resources */,
				A75F7C8120229FFE0073D86C /* Main.storyboard in Resources */,
			);
			runOnlyForDeploymentPostprocessing = 0;
		};
/* End PBXResourcesBuildPhase section */

/* Begin PBXSourcesBuildPhase section */
		A75F7C7420229FFE0073D86C /* Sources */ = {
			isa = PBXSourcesBuildPhase;
			buildActionMask = 2147483647;
			files = (
				A75F7C902022A4FD0073D86C /* Book.swift in Sources */,
				A75F7C7E20229FFE0073D86C /* ViewController.swift in Sources */,
				A75F7C8E2022A1310073D86C /* BookTableViewController.swift in Sources */,
				A75F7C7C20229FFE0073D86C /* AppDelegate.swift in Sources */,
				A75F7C922022A7F10073D86C /* BookDetailViewController.swift in Sources */,
			);
			runOnlyForDeploymentPostprocessing = 0;
		};
/* End PBXSourcesBuildPhase section */

/* Begin PBXVariantGroup section */
		A75F7C7F20229FFE0073D86C /* Main.storyboard */ = {
			isa = PBXVariantGroup;
			children = (
				A75F7C8020229FFE0073D86C /* Base */,
			);
			name = Main.storyboard;
			sourceTree = "<group>";
		};
		A75F7C8420229FFE0073D86C /* LaunchScreen.storyboard */ = {
			isa = PBXVariantGroup;
			children = (
				A75F7C8520229FFE0073D86C /* Base */,
			);
			name = LaunchScreen.storyboard;
			sourceTree = "<group>";
		};
/* End PBXVariantGroup section */

/* Begin XCBuildConfiguration section */
		A75F7C8820229FFE0073D86C /* Debug */ = {
			isa = XCBuildConfiguration;
			buildSettings = {
				ALWAYS_SEARCH_USER_PATHS = NO;
				CLANG_ANALYZER_NONNULL = YES;
				CLANG_ANALYZER_NUMBER_OBJECT_CONVERSION = YES_AGGRESSIVE;
				CLANG_CXX_LANGUAGE_STANDARD = "gnu++14";
				CLANG_CXX_LIBRARY = "libc++";
				CLANG_ENABLE_MODULES = YES;
				CLANG_ENABLE_OBJC_ARC = YES;
				CLANG_WARN_BLOCK_CAPTURE_AUTORELEASING = YES;
				CLANG_WARN_BOOL_CONVERSION = YES;
				CLANG_WARN_COMMA = YES;
				CLANG_WARN_CONSTANT_CONVERSION = YES;
				CLANG_WARN_DIRECT_OBJC_ISA_USAGE = YES_ERROR;
				CLANG_WARN_DOCUMENTATION_COMMENTS = YES;
				CLANG_WARN_EMPTY_BODY = YES;
				CLANG_WARN_ENUM_CONVERSION = YES;
				CLANG_WARN_INFINITE_RECURSION = YES;
				CLANG_WARN_INT_CONVERSION = YES;
				CLANG_WARN_NON_LITERAL_NULL_CONVERSION = YES;
				CLANG_WARN_OBJC_LITERAL_CONVERSION = YES;
				CLANG_WARN_OBJC_ROOT_CLASS = YES_ERROR;
				CLANG_WARN_RANGE_LOOP_ANALYSIS = YES;
				CLANG_WARN_STRICT_PROTOTYPES = YES;
				CLANG_WARN_SUSPICIOUS_MOVE = YES;
				CLANG_WARN_UNGUARDED_AVAILABILITY = YES_AGGRESSIVE;
				CLANG_WARN_UNREACHABLE_CODE = YES;
				CLANG_WARN__DUPLICATE_METHOD_MATCH = YES;
				CODE_SIGN_IDENTITY = "iPhone Developer";
				COPY_PHASE_STRIP = NO;
				DEBUG_INFORMATION_FORMAT = dwarf;
				ENABLE_STRICT_OBJC_MSGSEND = YES;
				ENABLE_TESTABILITY = YES;
				GCC_C_LANGUAGE_STANDARD = gnu11;
				GCC_DYNAMIC_NO_PIC = NO;
				GCC_NO_COMMON_BLOCKS = YES;
				GCC_OPTIMIZATION_LEVEL = 0;
				GCC_PREPROCESSOR_DEFINITIONS = (
					"DEBUG=1",
					"$(inherited)",
				);
				GCC_WARN_64_TO_32_BIT_CONVERSION = YES;
				GCC_WARN_ABOUT_RETURN_TYPE = YES_ERROR;
				GCC_WARN_UNDECLARED_SELECTOR = YES;
				GCC_WARN_UNINITIALIZED_AUTOS = YES_AGGRESSIVE;
				GCC_WARN_UNUSED_FUNCTION = YES;
				GCC_WARN_UNUSED_VARIABLE = YES;
				IPHONEOS_DEPLOYMENT_TARGET = 11.2;
				MTL_ENABLE_DEBUG_INFO = YES;
				ONLY_ACTIVE_ARCH = YES;
				SDKROOT = iphoneos;
				SWIFT_ACTIVE_COMPILATION_CONDITIONS = DEBUG;
				SWIFT_OPTIMIZATION_LEVEL = "-Onone";
			};
			name = Debug;
		};
		A75F7C8920229FFE0073D86C /* Release */ = {
			isa = XCBuildConfiguration;
			buildSettings = {
				ALWAYS_SEARCH_USER_PATHS = NO;
				CLANG_ANALYZER_NONNULL = YES;
				CLANG_ANALYZER_NUMBER_OBJECT_CONVERSION = YES_AGGRESSIVE;
				CLANG_CXX_LANGUAGE_STANDARD = "gnu++14";
				CLANG_CXX_LIBRARY = "libc++";
				CLANG_ENABLE_MODULES = YES;
				CLANG_ENABLE_OBJC_ARC = YES;
				CLANG_WARN_BLOCK_CAPTURE_AUTORELEASING = YES;
				CLANG_WARN_BOOL_CONVERSION = YES;
				CLANG_WARN_COMMA = YES;
				CLANG_WARN_CONSTANT_CONVERSION = YES;
				CLANG_WARN_DIRECT_OBJC_ISA_USAGE = YES_ERROR;
				CLANG_WARN_DOCUMENTATION_COMMENTS = YES;
				CLANG_WARN_EMPTY_BODY = YES;
				CLANG_WARN_ENUM_CONVERSION = YES;
				CLANG_WARN_INFINITE_RECURSION = YES;
				CLANG_WARN_INT_CONVERSION = YES;
				CLANG_WARN_NON_LITERAL_NULL_CONVERSION = YES;
				CLANG_WARN_OBJC_LITERAL_CONVERSION = YES;
				CLANG_WARN_OBJC_ROOT_CLASS = YES_ERROR;
				CLANG_WARN_RANGE_LOOP_ANALYSIS = YES;
				CLANG_WARN_STRICT_PROTOTYPES = YES;
				CLANG_WARN_SUSPICIOUS_MOVE = YES;
				CLANG_WARN_UNGUARDED_AVAILABILITY = YES_AGGRESSIVE;
				CLANG_WARN_UNREACHABLE_CODE = YES;
				CLANG_WARN__DUPLICATE_METHOD_MATCH = YES;
				CODE_SIGN_IDENTITY = "iPhone Developer";
				COPY_PHASE_STRIP = NO;
				DEBUG_INFORMATION_FORMAT = "dwarf-with-dsym";
				ENABLE_NS_ASSERTIONS = NO;
				ENABLE_STRICT_OBJC_MSGSEND = YES;
				GCC_C_LANGUAGE_STANDARD = gnu11;
				GCC_NO_COMMON_BLOCKS = YES;
				GCC_WARN_64_TO_32_BIT_CONVERSION = YES;
				GCC_WARN_ABOUT_RETURN_TYPE = YES_ERROR;
				GCC_WARN_UNDECLARED_SELECTOR = YES;
				GCC_WARN_UNINITIALIZED_AUTOS = YES_AGGRESSIVE;
				GCC_WARN_UNUSED_FUNCTION = YES;
				GCC_WARN_UNUSED_VARIABLE = YES;
				IPHONEOS_DEPLOYMENT_TARGET = 11.2;
				MTL_ENABLE_DEBUG_INFO = NO;
				SDKROOT = iphoneos;
				SWIFT_OPTIMIZATION_LEVEL = "-Owholemodule";
				VALIDATE_PRODUCT = YES;
			};
			name = Release;
		};
		A75F7C8B20229FFE0073D86C /* Debug */ = {
			isa = XCBuildConfiguration;
			buildSettings = {
				ASSETCATALOG_COMPILER_APPICON_NAME = AppIcon;
				CODE_SIGN_STYLE = Automatic;
				INFOPLIST_FILE = Books/Info.plist;
				LD_RUNPATH_SEARCH_PATHS = "$(inherited) @executable_path/Frameworks";
				PRODUCT_BUNDLE_IDENTIFIER = xyz.goyapp.Books;
				PRODUCT_NAME = "$(TARGET_NAME)";
				SWIFT_VERSION = 4.0;
				TARGETED_DEVICE_FAMILY = "1,2";
			};
			name = Debug;
		};
		A75F7C8C20229FFE0073D86C /* Release */ = {
			isa = XCBuildConfiguration;
			buildSettings = {
				ASSETCATALOG_COMPILER_APPICON_NAME = AppIcon;
				CODE_SIGN_STYLE = Automatic;
				INFOPLIST_FILE = Books/Info.plist;
				LD_RUNPATH_SEARCH_PATHS = "$(inherited) @executable_path/Frameworks";
				PRODUCT_BUNDLE_IDENTIFIER = xyz.goyapp.Books;
				PRODUCT_NAME = "$(TARGET_NAME)";
				SWIFT_VERSION = 4.0;
				TARGETED_DEVICE_FAMILY = "1,2";
			};
			name = Release;
		};
/* End XCBuildConfiguration section */

/* Begin XCConfigurationList section */
		A75F7C7320229FFE0073D86C /* Build configuration list for PBXProject "Books" */ = {
			isa = XCConfigurationList;
			buildConfigurations = (
				A75F7C8820229FFE0073D86C /* Debug */,
				A75F7C8920229FFE0073D86C /* Release */,
			);
			defaultConfigurationIsVisible = 0;
			defaultConfigurationName = Release;
		};
		A75F7C8A20229FFE0073D86C /* Build configuration list for PBXNativeTarget "Books" */ = {
			isa = XCConfigurationList;
			buildConfigurations = (
				A75F7C8B20229FFE0073D86C /* Debug */,
				A75F7C8C20229FFE0073D86C /* Release */,
			);
			defaultConfigurationIsVisible = 0;
			defaultConfigurationName = Release;
		};
/* End XCConfigurationList section */
	};
	rootObject = A75F7C7020229FFE0073D86C /* Project object */;
}
